
Microsoft Visual Studio Solution File, Format Version 12.00
# Visual Studio Version 16
VisualStudioVersion = 16.0.29230.47
MinimumVisualStudioVersion = 10.0.40219.1
Project("{FAE04EC0-301F-11D3-BF4B-00C04F79EFBC}") = "Final_MichaelQuinn", "Final_MichaelQuinn\Final_MichaelQuinn.csproj", "{390B2D56-62A8-46C3-91E7-0455B3AA45D4}"
EndProject
Global
	GlobalSection(SolutionConfigurationPlatforms) = preSolution
		Debug|Any CPU = Debug|Any CPU
		Release|Any CPU = Release|Any CPU
	EndGlobalSection
	GlobalSection(ProjectConfigurationPlatforms) = postSolution
		{390B2D56-62A8-46C3-91E7-0455B3AA45D4}.Debug|Any CPU.ActiveCfg = Debug|Any CPU
		{390B2D56-62A8-46C3-91E7-0455B3AA45D4}.Debug|Any CPU.Build.0 = Debug|Any CPU
		{390B2D56-62A8-46C3-91E7-0455B3AA45D4}.Release|Any CPU.ActiveCfg = Release|Any CPU
		{390B2D56-62A8-46C3-91E7-0455B3AA45D4}.Release|Any CPU.Build.0 = Release|Any CPU
	EndGlobalSection
	GlobalSection(SolutionProperties) = preSolution
		HideSolutionNode = FALSE
	EndGlobalSection
	GlobalSection(ExtensibilityGlobals) = postSolution
		SolutionGuid = {97A89842-EB23-46C9-9C50-09F7DCD637AF}
	EndGlobalSection
EndGlobal
